<?xml version="1.0" encoding="utf-8"?>
<Project ToolsVersion="4.0" xmlns="http://schemas.microsoft.com/developer/msbuild/2003">
  <ItemGroup>
    <Filter Include="Source Files">
      <UniqueIdentifier>{4FC737F1-C7A5-4376-A066-2A32D752A2FF}</UniqueIdentifier>
      <Extensions>cpp;c;cc;cxx;def;odl;idl;hpj;bat;asm;asmx</Extensions>
    </Filter>
    <Filter Include="Header Files">
      <UniqueIdentifier>{93995380-89BD-4b04-88EB-625FBE52EBFB}</UniqueIdentifier>
      <Extensions>h;hh;hpp;hxx;hm;inl;inc;xsd</Extensions>
    </Filter>
    <Filter Include="Resource Files">
      <UniqueIdentifier>{67DA6AB6-F800-4c08-8B7A-83BB121AAD01}</UniqueIdentifier>
      <Extensions>rc;ico;cur;bmp;dlg;rc2;rct;bin;rgs;gif;jpg;jpeg;jpe;resx;tiff;tif;png;wav</Extensions>
    </Filter>
  </ItemGroup>
  <ItemGroup>
    <ClCompile Include="src\browser.cpp">
      <Filter>Source Files</Filter>
    </ClCompile>
    <ClCompile Include="src\button.cpp">
      <Filter>Source Files</Filter>
    </ClCompile>
    <ClCompile Include="src\dateBar.cpp">
      <Filter>Source Files</Filter>
    </ClCompile>
    <ClCompile Include="src\film.cpp">
      <Filter>Source Files</Filter>
    </ClCompile>
    <ClCompile Include="src\filmDetails.cpp">
      <Filter>Source Files</Filter>
    </ClCompile>
    <ClCompile Include="src\filmParser.cpp">
      <Filter>Source Files</Filter>
    </ClCompile>
    <ClCompile Include="src\genreBar.cpp">
      <Filter>Source Files</Filter>
    </ClCompile>
    <ClCompile Include="src\main.cpp">
      <Filter>Source Files</Filter>
    </ClCompile>
    <ClCompile Include="src\navbar.cpp">
      <Filter>Source Files</Filter>
    </ClCompile>
    <ClCompile Include="src\screencapPreview.cpp">
      <Filter>Source Files</Filter>
    </ClCompile>
    <ClCompile Include="src\searchBar.cpp">
      <Filter>Source Files</Filter>
    </ClCompile>
    <ClCompile Include="src\searchButton.cpp">
      <Filter>Source Files</Filter>
    </ClCompile>
    <ClCompile Include="src\searchInput.cpp">
      <Filter>Source Files</Filter>
    </ClCompile>
    <ClCompile Include="src\tag.cpp">
      <Filter>Source Files</Filter>
    </ClCompile>
    <ClCompile Include="src\thumbnail.cpp">
      <Filter>Source Files</Filter>
    </ClCompile>
  </ItemGroup>
  <ItemGroup>
    <ClInclude Include="sgg\include\graphics.h">
      <Filter>Header Files</Filter>
    </ClInclude>
    <ClInclude Include="sgg\include\sgg\scancodes.h">
      <Filter>Header Files</Filter>
    </ClInclude>
    <ClInclude Include="src\browser.h">
      <Filter>Header Files</Filter>
    </ClInclude>
    <ClInclude Include="src\button.h">
      <Filter>Header Files</Filter>
    </ClInclude>
    <ClInclude Include="src\config.h">
      <Filter>Header Files</Filter>
    </ClInclude>
    <ClInclude Include="src\dateBar.h">
      <Filter>Header Files</Filter>
    </ClInclude>
    <ClInclude Include="src\film.h">
      <Filter>Header Files</Filter>
    </ClInclude>
    <ClInclude Include="src\filmDetails.h">
      <Filter>Header Files</Filter>
    </ClInclude>
    <ClInclude Include="src\filmParser.h">
      <Filter>Header Files</Filter>
    </ClInclude>
    <ClInclude Include="src\genreBar.h">
      <Filter>Header Files</Filter>
    </ClInclude>
    <ClInclude Include="src\navbar.h">
      <Filter>Header Files</Filter>
    </ClInclude>
    <ClInclude Include="src\screencapPreview.h">
      <Filter>Header Files</Filter>
    </ClInclude>
    <ClInclude Include="src\searchBar.h">
      <Filter>Header Files</Filter>
    </ClInclude>
    <ClInclude Include="src\searchButton.h">
      <Filter>Header Files</Filter>
    </ClInclude>
    <ClInclude Include="src\searchInput.h">
      <Filter>Header Files</Filter>
    </ClInclude>
    <ClInclude Include="src\tag.h">
      <Filter>Header Files</Filter>
    </ClInclude>
    <ClInclude Include="src\thumbnail.h">
      <Filter>Header Files</Filter>
    </ClInclude>
    <ClInclude Include="src\widget.h">
      <Filter>Header Files</Filter>
    </ClInclude>
  </ItemGroup>
</Project>